// !$*UTF8*$!
{
	archiveVersion = 1;
	classes = {
	};
	objectVersion = 56;
	objects = {

/* Begin PBXBuildFile section */
		DF33D0832A2E1A6B000E7B77 /* PlayerTrackerApp.swift in Sources */ = {isa = PBXBuildFile; fileRef = DF33D0822A2E1A6B000E7B77 /* PlayerTrackerApp.swift */; };
		DF33D0872A2E1A6D000E7B77 /* Assets.xcassets in Resources */ = {isa = PBXBuildFile; fileRef = DF33D0862A2E1A6D000E7B77 /* Assets.xcassets */; };
		DF33D08A2A2E1A6D000E7B77 /* Preview Assets.xcassets in Resources */ = {isa = PBXBuildFile; fileRef = DF33D0892A2E1A6D000E7B77 /* Preview Assets.xcassets */; };
		DF33D0912A2E1A88000E7B77 /* PlayerTrackerView.swift in Sources */ = {isa = PBXBuildFile; fileRef = DF33D0902A2E1A88000E7B77 /* PlayerTrackerView.swift */; };
		DF33D0972A2F88ED000E7B77 /* PlayerView.swift in Sources */ = {isa = PBXBuildFile; fileRef = DF33D0962A2F88ED000E7B77 /* PlayerView.swift */; };
		DF33D09C2A2FB39F000E7B77 /* db.sqlite in Resources */ = {isa = PBXBuildFile; fileRef = DF33D09B2A2FB39F000E7B77 /* db.sqlite */; };
		DF33D09F2A2FB4EF000E7B77 /* Blackbird in Frameworks */ = {isa = PBXBuildFile; productRef = DF33D09E2A2FB4EF000E7B77 /* Blackbird */; };
		DF33D0A12A2FB528000E7B77 /* AppDatabase.swift in Sources */ = {isa = PBXBuildFile; fileRef = DF33D0A02A2FB528000E7B77 /* AppDatabase.swift */; };
		DF33D0A32A2FB583000E7B77 /* Player.swift in Sources */ = {isa = PBXBuildFile; fileRef = DF33D0A22A2FB583000E7B77 /* Player.swift */; };
		DF33D0A52A2FD910000E7B77 /* AddPlayerView.swift in Sources */ = {isa = PBXBuildFile; fileRef = DF33D0A42A2FD910000E7B77 /* AddPlayerView.swift */; };
		DF33D0A72A2FFE6B000E7B77 /* NameChangeView.swift in Sources */ = {isa = PBXBuildFile; fileRef = DF33D0A62A2FFE6B000E7B77 /* NameChangeView.swift */; };
/* End PBXBuildFile section */

/* Begin PBXFileReference section */
		DF33D07F2A2E1A6B000E7B77 /* PlayerTracker.app */ = {isa = PBXFileReference; explicitFileType = wrapper.application; includeInIndex = 0; path = PlayerTracker.app; sourceTree = BUILT_PRODUCTS_DIR; };
		DF33D0822A2E1A6B000E7B77 /* PlayerTrackerApp.swift */ = {isa = PBXFileReference; lastKnownFileType = sourcecode.swift; path = PlayerTrackerApp.swift; sourceTree = "<group>"; };
		DF33D0862A2E1A6D000E7B77 /* Assets.xcassets */ = {isa = PBXFileReference; lastKnownFileType = folder.assetcatalog; path = Assets.xcassets; sourceTree = "<group>"; };
		DF33D0892A2E1A6D000E7B77 /* Preview Assets.xcassets */ = {isa = PBXFileReference; lastKnownFileType = folder.assetcatalog; path = "Preview Assets.xcassets"; sourceTree = "<group>"; };
		DF33D0902A2E1A88000E7B77 /* PlayerTrackerView.swift */ = {isa = PBXFileReference; lastKnownFileType = sourcecode.swift; path = PlayerTrackerView.swift; sourceTree = "<group>"; };
		DF33D0962A2F88ED000E7B77 /* PlayerView.swift */ = {isa = PBXFileReference; lastKnownFileType = sourcecode.swift; path = PlayerView.swift; sourceTree = "<group>"; };
		DF33D09B2A2FB39F000E7B77 /* db.sqlite */ = {isa = PBXFileReference; lastKnownFileType = file; name = db.sqlite; path = "computer science/PlayerTracker/PlayerTracker/Model/db.sqlite"; sourceTree = "<group>"; };
		DF33D0A02A2FB528000E7B77 /* AppDatabase.swift */ = {isa = PBXFileReference; lastKnownFileType = sourcecode.swift; path = AppDatabase.swift; sourceTree = "<group>"; };
		DF33D0A22A2FB583000E7B77 /* Player.swift */ = {isa = PBXFileReference; lastKnownFileType = sourcecode.swift; path = Player.swift; sourceTree = "<group>"; };
		DF33D0A42A2FD910000E7B77 /* AddPlayerView.swift */ = {isa = PBXFileReference; lastKnownFileType = sourcecode.swift; path = AddPlayerView.swift; sourceTree = "<group>"; };
		DF33D0A62A2FFE6B000E7B77 /* NameChangeView.swift */ = {isa = PBXFileReference; lastKnownFileType = sourcecode.swift; path = NameChangeView.swift; sourceTree = "<group>"; };
/* End PBXFileReference section */

/* Begin PBXFrameworksBuildPhase section */
		DF33D07C2A2E1A6B000E7B77 /* Frameworks */ = {
			isa = PBXFrameworksBuildPhase;
			buildActionMask = 2147483647;
			files = (
				DF33D09F2A2FB4EF000E7B77 /* Blackbird in Frameworks */,
			);
			runOnlyForDeploymentPostprocessing = 0;
		};
/* End PBXFrameworksBuildPhase section */

/* Begin PBXGroup section */
		DF33D0762A2E1A6B000E7B77 = {
			isa = PBXGroup;
			children = (
				DF33D0812A2E1A6B000E7B77 /* PlayerTracker */,
				DF33D0802A2E1A6B000E7B77 /* Products */,
			);
			sourceTree = "<group>";
		};
		DF33D0802A2E1A6B000E7B77 /* Products */ = {
			isa = PBXGroup;
			children = (
				DF33D07F2A2E1A6B000E7B77 /* PlayerTracker.app */,
			);
			name = Products;
			sourceTree = "<group>";
		};
		DF33D0812A2E1A6B000E7B77 /* PlayerTracker */ = {
			isa = PBXGroup;
			children = (
				DF33D0822A2E1A6B000E7B77 /* PlayerTrackerApp.swift */,
				DF33D0932A2F86F3000E7B77 /* Model */,
				DF33D0922A2E1A8F000E7B77 /* Views */,
				DF33D0902A2E1A88000E7B77 /* PlayerTrackerView.swift */,
				DF33D0982A2F8A78000E7B77 /* Helpers */,
				DF33D0862A2E1A6D000E7B77 /* Assets.xcassets */,
				DF33D0882A2E1A6D000E7B77 /* Preview Content */,
			);
			path = PlayerTracker;
			sourceTree = "<group>";
		};
		DF33D0882A2E1A6D000E7B77 /* Preview Content */ = {
			isa = PBXGroup;
			children = (
				DF33D0892A2E1A6D000E7B77 /* Preview Assets.xcassets */,
			);
			path = "Preview Content";
			sourceTree = "<group>";
		};
		DF33D0922A2E1A8F000E7B77 /* Views */ = {
			isa = PBXGroup;
			children = (
			);
			path = Views;
			sourceTree = "<group>";
		};
		DF33D0932A2F86F3000E7B77 /* Model */ = {
			isa = PBXGroup;
			children = (
				DF33D09B2A2FB39F000E7B77 /* db.sqlite */,
				DF33D0A22A2FB583000E7B77 /* Player.swift */,
			);
			path = Model;
			sourceTree = "<group>";
		};
		DF33D0982A2F8A78000E7B77 /* Helpers */ = {
			isa = PBXGroup;
			children = (
				DF33D0962A2F88ED000E7B77 /* PlayerView.swift */,
				DF33D0A62A2FFE6B000E7B77 /* NameChangeView.swift */,
				DF33D0A42A2FD910000E7B77 /* AddPlayerView.swift */,
				DF33D0A02A2FB528000E7B77 /* AppDatabase.swift */,
			);
			path = Helpers;
			sourceTree = "<group>";
		};
/* End PBXGroup section */

/* Begin PBXNativeTarget section */
		DF33D07E2A2E1A6B000E7B77 /* PlayerTracker */ = {
			isa = PBXNativeTarget;
			buildConfigurationList = DF33D08D2A2E1A6D000E7B77 /* Build configuration list for PBXNativeTarget "PlayerTracker" */;
			buildPhases = (
				DF33D07B2A2E1A6B000E7B77 /* Sources */,
				DF33D07C2A2E1A6B000E7B77 /* Frameworks */,
				DF33D07D2A2E1A6B000E7B77 /* Resources */,
			);
			buildRules = (
			);
			dependencies = (
			);
			name = PlayerTracker;
			packageProductDependencies = (
				DF33D09E2A2FB4EF000E7B77 /* Blackbird */,
			);
			productName = PlayerTracker;
			productReference = DF33D07F2A2E1A6B000E7B77 /* PlayerTracker.app */;
			productType = "com.apple.product-type.application";
		};
/* End PBXNativeTarget section */

/* Begin PBXProject section */
		DF33D0772A2E1A6B000E7B77 /* Project object */ = {
			isa = PBXProject;
			attributes = {
				BuildIndependentTargetsInParallel = 1;
				LastSwiftUpdateCheck = 1420;
				LastUpgradeCheck = 1420;
				TargetAttributes = {
					DF33D07E2A2E1A6B000E7B77 = {
						CreatedOnToolsVersion = 14.2;
					};
				};
			};
			buildConfigurationList = DF33D07A2A2E1A6B000E7B77 /* Build configuration list for PBXProject "PlayerTracker" */;
			compatibilityVersion = "Xcode 14.0";
			developmentRegion = en;
			hasScannedForEncodings = 0;
			knownRegions = (
				en,
				Base,
			);
			mainGroup = DF33D0762A2E1A6B000E7B77;
			packageReferences = (
				DF33D09D2A2FB4EF000E7B77 /* XCRemoteSwiftPackageReference "Blackbird" */,
			);
			productRefGroup = DF33D0802A2E1A6B000E7B77 /* Products */;
			projectDirPath = "";
			projectRoot = "";
			targets = (
				DF33D07E2A2E1A6B000E7B77 /* PlayerTracker */,
			);
		};
/* End PBXProject section */

/* Begin PBXResourcesBuildPhase section */
		DF33D07D2A2E1A6B000E7B77 /* Resources */ = {
			isa = PBXResourcesBuildPhase;
			buildActionMask = 2147483647;
			files = (
				DF33D08A2A2E1A6D000E7B77 /* Preview Assets.xcassets in Resources */,
				DF33D09C2A2FB39F000E7B77 /* db.sqlite in Resources */,
				DF33D0872A2E1A6D000E7B77 /* Assets.xcassets in Resources */,
			);
			runOnlyForDeploymentPostprocessing = 0;
		};
/* End PBXResourcesBuildPhase section */

/* Begin PBXSourcesBuildPhase section */
		DF33D07B2A2E1A6B000E7B77 /* Sources */ = {
			isa = PBXSourcesBuildPhase;
			buildActionMask = 2147483647;
			files = (
				DF33D0972A2F88ED000E7B77 /* PlayerView.swift in Sources */,
				DF33D0A52A2FD910000E7B77 /* AddPlayerView.swift in Sources */,
				DF33D0A72A2FFE6B000E7B77 /* NameChangeView.swift in Sources */,
				DF33D0912A2E1A88000E7B77 /* PlayerTrackerView.swift in Sources */,
				DF33D0A12A2FB528000E7B77 /* AppDatabase.swift in Sources */,
				DF33D0A32A2FB583000E7B77 /* Player.swift in Sources */,
				DF33D0832A2E1A6B000E7B77 /* PlayerTrackerApp.swift in Sources */,
			);
			runOnlyForDeploymentPostprocessing = 0;
		};
/* End PBXSourcesBuildPhase section */

/* Begin XCBuildConfiguration section */
		DF33D08B2A2E1A6D000E7B77 /* Debug */ = {
			isa = XCBuildConfiguration;
			buildSettings = {
				ALWAYS_SEARCH_USER_PATHS = NO;
				CLANG_ANALYZER_NONNULL = YES;
				CLANG_ANALYZER_NUMBER_OBJECT_CONVERSION = YES_AGGRESSIVE;
				CLANG_CXX_LANGUAGE_STANDARD = "gnu++20";
				CLANG_ENABLE_MODULES = YES;
				CLANG_ENABLE_OBJC_ARC = YES;
				CLANG_ENABLE_OBJC_WEAK = YES;
				CLANG_WARN_BLOCK_CAPTURE_AUTORELEASING = YES;
				CLANG_WARN_BOOL_CONVERSION = YES;
				CLANG_WARN_COMMA = YES;
				CLANG_WARN_CONSTANT_CONVERSION = YES;
				CLANG_WARN_DEPRECATED_OBJC_IMPLEMENTATIONS = YES;
				CLANG_WARN_DIRECT_OBJC_ISA_USAGE = YES_ERROR;
				CLANG_WARN_DOCUMENTATION_COMMENTS = YES;
				CLANG_WARN_EMPTY_BODY = YES;
				CLANG_WARN_ENUM_CONVERSION = YES;
				CLANG_WARN_INFINITE_RECURSION = YES;
				CLANG_WARN_INT_CONVERSION = YES;
				CLANG_WARN_NON_LITERAL_NULL_CONVERSION = YES;
				CLANG_WARN_OBJC_IMPLICIT_RETAIN_SELF = YES;
				CLANG_WARN_OBJC_LITERAL_CONVERSION = YES;
				CLANG_WARN_OBJC_ROOT_CLASS = YES_ERROR;
				CLANG_WARN_QUOTED_INCLUDE_IN_FRAMEWORK_HEADER = YES;
				CLANG_WARN_RANGE_LOOP_ANALYSIS = YES;
				CLANG_WARN_STRICT_PROTOTYPES = YES;
				CLANG_WARN_SUSPICIOUS_MOVE = YES;
				CLANG_WARN_UNGUARDED_AVAILABILITY = YES_AGGRESSIVE;
				CLANG_WARN_UNREACHABLE_CODE = YES;
				CLANG_WARN__DUPLICATE_METHOD_MATCH = YES;
				COPY_PHASE_STRIP = NO;
				DEBUG_INFORMATION_FORMAT = dwarf;
				ENABLE_STRICT_OBJC_MSGSEND = YES;
				ENABLE_TESTABILITY = YES;
				GCC_C_LANGUAGE_STANDARD = gnu11;
				GCC_DYNAMIC_NO_PIC = NO;
				GCC_NO_COMMON_BLOCKS = YES;
				GCC_OPTIMIZATION_LEVEL = 0;
				GCC_PREPROCESSOR_DEFINITIONS = (
					"DEBUG=1",
					"$(inherited)",
				);
				GCC_WARN_64_TO_32_BIT_CONVERSION = YES;
				GCC_WARN_ABOUT_RETURN_TYPE = YES_ERROR;
				GCC_WARN_UNDECLARED_SELECTOR = YES;
				GCC_WARN_UNINITIALIZED_AUTOS = YES_AGGRESSIVE;
				GCC_WARN_UNUSED_FUNCTION = YES;
				GCC_WARN_UNUSED_VARIABLE = YES;
				IPHONEOS_DEPLOYMENT_TARGET = 16.2;
				MTL_ENABLE_DEBUG_INFO = INCLUDE_SOURCE;
				MTL_FAST_MATH = YES;
				ONLY_ACTIVE_ARCH = YES;
				SDKROOT = iphoneos;
				SWIFT_ACTIVE_COMPILATION_CONDITIONS = DEBUG;
				SWIFT_OPTIMIZATION_LEVEL = "-Onone";
			};
			name = Debug;
		};
		DF33D08C2A2E1A6D000E7B77 /* Release */ = {
			isa = XCBuildConfiguration;
			buildSettings = {
				ALWAYS_SEARCH_USER_PATHS = NO;
				CLANG_ANALYZER_NONNULL = YES;
				CLANG_ANALYZER_NUMBER_OBJECT_CONVERSION = YES_AGGRESSIVE;
				CLANG_CXX_LANGUAGE_STANDARD = "gnu++20";
				CLANG_ENABLE_MODULES = YES;
				CLANG_ENABLE_OBJC_ARC = YES;
				CLANG_ENABLE_OBJC_WEAK = YES;
				CLANG_WARN_BLOCK_CAPTURE_AUTORELEASING = YES;
				CLANG_WARN_BOOL_CONVERSION = YES;
				CLANG_WARN_COMMA = YES;
				CLANG_WARN_CONSTANT_CONVERSION = YES;
				CLANG_WARN_DEPRECATED_OBJC_IMPLEMENTATIONS = YES;
				CLANG_WARN_DIRECT_OBJC_ISA_USAGE = YES_ERROR;
				CLANG_WARN_DOCUMENTATION_COMMENTS = YES;
				CLANG_WARN_EMPTY_BODY = YES;
				CLANG_WARN_ENUM_CONVERSION = YES;
				CLANG_WARN_INFINITE_RECURSION = YES;
				CLANG_WARN_INT_CONVERSION = YES;
				CLANG_WARN_NON_LITERAL_NULL_CONVERSION = YES;
				CLANG_WARN_OBJC_IMPLICIT_RETAIN_SELF = YES;
				CLANG_WARN_OBJC_LITERAL_CONVERSION = YES;
				CLANG_WARN_OBJC_ROOT_CLASS = YES_ERROR;
				CLANG_WARN_QUOTED_INCLUDE_IN_FRAMEWORK_HEADER = YES;
				CLANG_WARN_RANGE_LOOP_ANALYSIS = YES;
				CLANG_WARN_STRICT_PROTOTYPES = YES;
				CLANG_WARN_SUSPICIOUS_MOVE = YES;
				CLANG_WARN_UNGUARDED_AVAILABILITY = YES_AGGRESSIVE;
				CLANG_WARN_UNREACHABLE_CODE = YES;
				CLANG_WARN__DUPLICATE_METHOD_MATCH = YES;
				COPY_PHASE_STRIP = NO;
				DEBUG_INFORMATION_FORMAT = "dwarf-with-dsym";
				ENABLE_NS_ASSERTIONS = NO;
				ENABLE_STRICT_OBJC_MSGSEND = YES;
				GCC_C_LANGUAGE_STANDARD = gnu11;
				GCC_NO_COMMON_BLOCKS = YES;
				GCC_WARN_64_TO_32_BIT_CONVERSION = YES;
				GCC_WARN_ABOUT_RETURN_TYPE = YES_ERROR;
				GCC_WARN_UNDECLARED_SELECTOR = YES;
				GCC_WARN_UNINITIALIZED_AUTOS = YES_AGGRESSIVE;
				GCC_WARN_UNUSED_FUNCTION = YES;
				GCC_WARN_UNUSED_VARIABLE = YES;
				IPHONEOS_DEPLOYMENT_TARGET = 16.2;
				MTL_ENABLE_DEBUG_INFO = NO;
				MTL_FAST_MATH = YES;
				SDKROOT = iphoneos;
				SWIFT_COMPILATION_MODE = wholemodule;
				SWIFT_OPTIMIZATION_LEVEL = "-O";
				VALIDATE_PRODUCT = YES;
			};
			name = Release;
		};
		DF33D08E2A2E1A6D000E7B77 /* Debug */ = {
			isa = XCBuildConfiguration;
			buildSettings = {
				ASSETCATALOG_COMPILER_APPICON_NAME = AppIcon;
				ASSETCATALOG_COMPILER_GLOBAL_ACCENT_COLOR_NAME = AccentColor;
				CODE_SIGN_STYLE = Automatic;
				CURRENT_PROJECT_VERSION = 1;
				DEVELOPMENT_ASSET_PATHS = "\"PlayerTracker/Preview Content\"";
				ENABLE_PREVIEWS = YES;
				GENERATE_INFOPLIST_FILE = YES;
				INFOPLIST_KEY_UIApplicationSceneManifest_Generation = YES;
				INFOPLIST_KEY_UIApplicationSupportsIndirectInputEvents = YES;
				INFOPLIST_KEY_UILaunchScreen_Generation = YES;
				INFOPLIST_KEY_UISupportedInterfaceOrientations_iPad = "UIInterfaceOrientationPortrait UIInterfaceOrientationPortraitUpsideDown UIInterfaceOrientationLandscapeLeft UIInterfaceOrientationLandscapeRight";
				INFOPLIST_KEY_UISupportedInterfaceOrientations_iPhone = "UIInterfaceOrientationPortrait UIInterfaceOrientationLandscapeLeft UIInterfaceOrientationLandscapeRight";
				LD_RUNPATH_SEARCH_PATHS = (
					"$(inherited)",
					"@executable_path/Frameworks",
				);
				MARKETING_VERSION = 1.0;
				PRODUCT_BUNDLE_IDENTIFIER = ca.justinwei.PlayerTracker;
				PRODUCT_NAME = "$(TARGET_NAME)";
				SWIFT_EMIT_LOC_STRINGS = YES;
				SWIFT_VERSION = 5.0;
				TARGETED_DEVICE_FAMILY = "1,2";
			};
			name = Debug;
		};
		DF33D08F2A2E1A6D000E7B77 /* Release */ = {
			isa = XCBuildConfiguration;
			buildSettings = {
				ASSETCATALOG_COMPILER_APPICON_NAME = AppIcon;
				ASSETCATALOG_COMPILER_GLOBAL_ACCENT_COLOR_NAME = AccentColor;
				CODE_SIGN_STYLE = Automatic;
				CURRENT_PROJECT_VERSION = 1;
				DEVELOPMENT_ASSET_PATHS = "\"PlayerTracker/Preview Content\"";
				ENABLE_PREVIEWS = YES;
				GENERATE_INFOPLIST_FILE = YES;
				INFOPLIST_KEY_UIApplicationSceneManifest_Generation = YES;
				INFOPLIST_KEY_UIApplicationSupportsIndirectInputEvents = YES;
				INFOPLIST_KEY_UILaunchScreen_Generation = YES;
				INFOPLIST_KEY_UISupportedInterfaceOrientations_iPad = "UIInterfaceOrientationPortrait UIInterfaceOrientationPortraitUpsideDown UIInterfaceOrientationLandscapeLeft UIInterfaceOrientationLandscapeRight";
				INFOPLIST_KEY_UISupportedInterfaceOrientations_iPhone = "UIInterfaceOrientationPortrait UIInterfaceOrientationLandscapeLeft UIInterfaceOrientationLandscapeRight";
				LD_RUNPATH_SEARCH_PATHS = (
					"$(inherited)",
					"@executable_path/Frameworks",
				);
				MARKETING_VERSION = 1.0;
				PRODUCT_BUNDLE_IDENTIFIER = ca.justinwei.PlayerTracker;
				PRODUCT_NAME = "$(TARGET_NAME)";
				SWIFT_EMIT_LOC_STRINGS = YES;
				SWIFT_VERSION = 5.0;
				TARGETED_DEVICE_FAMILY = "1,2";
			};
			name = Release;
		};
/* End XCBuildConfiguration section */

/* Begin XCConfigurationList section */
		DF33D07A2A2E1A6B000E7B77 /* Build configuration list for PBXProject "PlayerTracker" */ = {
			isa = XCConfigurationList;
			buildConfigurations = (
				DF33D08B2A2E1A6D000E7B77 /* Debug */,
				DF33D08C2A2E1A6D000E7B77 /* Release */,
			);
			defaultConfigurationIsVisible = 0;
			defaultConfigurationName = Release;
		};
		DF33D08D2A2E1A6D000E7B77 /* Build configuration list for PBXNativeTarget "PlayerTracker" */ = {
			isa = XCConfigurationList;
			buildConfigurations = (
				DF33D08E2A2E1A6D000E7B77 /* Debug */,
				DF33D08F2A2E1A6D000E7B77 /* Release */,
			);
			defaultConfigurationIsVisible = 0;
			defaultConfigurationName = Release;
		};
/* End XCConfigurationList section */

/* Begin XCRemoteSwiftPackageReference section */
		DF33D09D2A2FB4EF000E7B77 /* XCRemoteSwiftPackageReference "Blackbird" */ = {
			isa = XCRemoteSwiftPackageReference;
			repositoryURL = "https://github.com/marcoarment/Blackbird";
			requirement = {
				branch = main;
				kind = branch;
			};
		};
/* End XCRemoteSwiftPackageReference section */

/* Begin XCSwiftPackageProductDependency section */
		DF33D09E2A2FB4EF000E7B77 /* Blackbird */ = {
			isa = XCSwiftPackageProductDependency;
			package = DF33D09D2A2FB4EF000E7B77 /* XCRemoteSwiftPackageReference "Blackbird" */;
			productName = Blackbird;
		};
/* End XCSwiftPackageProductDependency section */
	};
	rootObject = DF33D0772A2E1A6B000E7B77 /* Project object */;
}
